{
  "name": "clarisa_ai_partners",
  "lockfileVersion": 3,
  "requires": true,
  "packages": {
    "": {
      "dependencies": {
        "copilot": "^0.0.2"
      }
    },
    "node_modules/@github/copilot": {
      "version": "0.0.398",
      "resolved": "https://registry.npmjs.org/@github/copilot/-/copilot-0.0.398.tgz",
      "integrity": "sha512-Yqma05bNQmgzC2p1JvS0m4kIl+IxqdS/XJ3kvtZxIJiXNpzsuvqxfLfjEF1J7M5JFcQxDjLt4QbVN4kY4KvlMQ==",
      "license": "SEE LICENSE IN LICENSE.md",
      "bin": {
        "copilot": "npm-loader.js"
      },
      "optionalDependencies": {
        "@github/copilot-darwin-arm64": "0.0.398",
        "@github/copilot-darwin-x64": "0.0.398",
        "@github/copilot-linux-arm64": "0.0.398",
        "@github/copilot-linux-x64": "0.0.398",
        "@github/copilot-win32-arm64": "0.0.398",
        "@github/copilot-win32-x64": "0.0.398"
      }
    },
    "node_modules/@github/copilot-darwin-arm64": {
      "version": "0.0.398",
      "resolved": "https://registry.npmjs.org/@github/copilot-darwin-arm64/-/copilot-darwin-arm64-0.0.398.tgz",
      "integrity": "sha512-Qj352LtW5Uw+Zk3VR1igvYpizKToIzPD8nVyvM2I4Coxudnrcc+GggstYZwNhvfhj7WbAnDLqfaIJR20TD986A==",
      "cpu": [
        "arm64"
      ],
      "license": "SEE LICENSE IN LICENSE.md",
      "optional": true,
      "os": [
        "darwin"
      ],
      "bin": {
        "copilot-darwin-arm64": "copilot"
      }
    },
    "node_modules/@github/copilot-darwin-x64": {
      "version": "0.0.398",
      "resolved": "https://registry.npmjs.org/@github/copilot-darwin-x64/-/copilot-darwin-x64-0.0.398.tgz",
      "integrity": "sha512-Eghf9+4xgVMe6q1Tur1AktPS2C2AggmTCFZQeE7ljXzwtj82obOlyX2yslOlPgUgu2XjKJ3zW1r3KCJGjXAvmw==",
      "cpu": [
        "x64"
      ],
      "license": "SEE LICENSE IN LICENSE.md",
      "optional": true,
      "os": [
        "darwin"
      ],
      "bin": {
        "copilot-darwin-x64": "copilot"
      }
    },
    "node_modules/@github/copilot-linux-arm64": {
      "version": "0.0.398",
      "resolved": "https://registry.npmjs.org/@github/copilot-linux-arm64/-/copilot-linux-arm64-0.0.398.tgz",
      "integrity": "sha512-iQmMcIosCEPk1Sb3502TR0PMSQ1OV6NVHFbg3jX8nlbea4qgL1SrkANecHZjSpcc77glKUAP9+zY2U3pv545Hw==",
      "cpu": [
        "arm64"
      ],
      "license": "SEE LICENSE IN LICENSE.md",
      "optional": true,
      "os": [
        "linux"
      ],
      "bin": {
        "copilot-linux-arm64": "copilot"
      }
    },
    "node_modules/@github/copilot-linux-x64": {
      "version": "0.0.398",
      "resolved": "https://registry.npmjs.org/@github/copilot-linux-x64/-/copilot-linux-x64-0.0.398.tgz",
      "integrity": "sha512-v0SMz8cIlR0nI7CzkoHjwQhrYKEpB84kH/GxcD10T+L+EVQDQL2HO0TS1tHcB9FA88qD+/HE6bd0NzKXKSRPng==",
      "cpu": [
        "x64"
      ],
      "license": "SEE LICENSE IN LICENSE.md",
      "optional": true,
      "os": [
        "linux"
      ],
      "bin": {
        "copilot-linux-x64": "copilot"
      }
    },
    "node_modules/@github/copilot-win32-arm64": {
      "version": "0.0.398",
      "resolved": "https://registry.npmjs.org/@github/copilot-win32-arm64/-/copilot-win32-arm64-0.0.398.tgz",
      "integrity": "sha512-IGcburUp/vyzGtySqP/HgmxznzLsxFL/+AtPShjTNKydwh5Y23nq2y7XQZK39SgHppN8GiVNHCpNrzNykGZNOQ==",
      "cpu": [
        "arm64"
      ],
      "license": "SEE LICENSE IN LICENSE.md",
      "optional": true,
      "os": [
        "win32"
      ],
      "bin": {
        "copilot-win32-arm64": "copilot.exe"
      }
    },
    "node_modules/@github/copilot-win32-x64": {
      "version": "0.0.398",
      "resolved": "https://registry.npmjs.org/@github/copilot-win32-x64/-/copilot-win32-x64-0.0.398.tgz",
      "integrity": "sha512-PBm2D8lxe8Gipgk0x6i2/kQhpoRzYk6ojFFhhBrZBF7fPK+iWFDQzloahXHQQ4/E7cXP64DqT21oiWC9HHKMrg==",
      "cpu": [
        "x64"
      ],
      "license": "SEE LICENSE IN LICENSE.md",
      "optional": true,
      "os": [
        "win32"
      ],
      "bin": {
        "copilot-win32-x64": "copilot.exe"
      }
    },
    "node_modules/copilot": {
      "version": "0.0.2",
      "resolved": "https://registry.npmjs.org/copilot/-/copilot-0.0.2.tgz",
      "integrity": "sha512-nedf34AaYj9JnFhRmiJEZemAno2WDXMypq6FW5aCVR0N+QdpQ6viukP1JpvJDChpaMEVvbUkMjmjMifJbO/AgQ==",
      "dependencies": {
        "@github/copilot": "latest"
      },
      "bin": {
        "copilot": "node_modules/@github/copilot/index.js"
      }
    }
  }
}
